// !$*UTF8*$!
{
	archiveVersion = 1;
	classes = {
	};
	objectVersion = 51;
	objects = {

/* Begin PBXBuildFile section */
		EA4A8EF6B1C3CE7020C2AF27 /* Pods_TestProject.framework in Frameworks */ = {isa = PBXBuildFile; fileRef = 95AA414BE6A7D3DF424BCBDE /* Pods_TestProject.framework */; };
		EAC2A6BD2532410C00D52470 /* AppDelegate.swift in Sources */ = {isa = PBXBuildFile; fileRef = EAC2A6BC2532410C00D52470 /* AppDelegate.swift */; };
		EAC2A6BF2532410C00D52470 /* SceneDelegate.swift in Sources */ = {isa = PBXBuildFile; fileRef = EAC2A6BE2532410C00D52470 /* SceneDelegate.swift */; };
		EAC2A6C12532410C00D52470 /* ViewController.swift in Sources */ = {isa = PBXBuildFile; fileRef = EAC2A6C02532410C00D52470 /* ViewController.swift */; };
		EAC2A6C42532410C00D52470 /* Main.storyboard in Resources */ = {isa = PBXBuildFile; fileRef = EAC2A6C22532410C00D52470 /* Main.storyboard */; };
		EAC2A6C62532410D00D52470 /* Assets.xcassets in Resources */ = {isa = PBXBuildFile; fileRef = EAC2A6C52532410D00D52470 /* Assets.xcassets */; };
		EAC2A6C92532410D00D52470 /* LaunchScreen.storyboard in Resources */ = {isa = PBXBuildFile; fileRef = EAC2A6C72532410D00D52470 /* LaunchScreen.storyboard */; };
		EAC2A6D7253241D600D52470 /* ParseableProtocol.swift in Sources */ = {isa = PBXBuildFile; fileRef = EAC2A6D6253241D600D52470 /* ParseableProtocol.swift */; };
		EAC2A6E22532433F00D52470 /* SampleModel.swift in Sources */ = {isa = PBXBuildFile; fileRef = EAC2A6E12532433F00D52470 /* SampleModel.swift */; };
		EAC2A6E52532450F00D52470 /* SampleService.swift in Sources */ = {isa = PBXBuildFile; fileRef = EAC2A6E42532450F00D52470 /* SampleService.swift */; };
/* End PBXBuildFile section */

/* Begin PBXFileReference section */
		35C6CC4BCEB51FD5E81C253D /* Pods-TestProject.release.xcconfig */ = {isa = PBXFileReference; includeInIndex = 1; lastKnownFileType = text.xcconfig; name = "Pods-TestProject.release.xcconfig"; path = "Target Support Files/Pods-TestProject/Pods-TestProject.release.xcconfig"; sourceTree = "<group>"; };
		95AA414BE6A7D3DF424BCBDE /* Pods_TestProject.framework */ = {isa = PBXFileReference; explicitFileType = wrapper.framework; includeInIndex = 0; path = Pods_TestProject.framework; sourceTree = BUILT_PRODUCTS_DIR; };
		C12BED2E1ACD9C6F4E092183 /* Pods-TestProject.debug.xcconfig */ = {isa = PBXFileReference; includeInIndex = 1; lastKnownFileType = text.xcconfig; name = "Pods-TestProject.debug.xcconfig"; path = "Target Support Files/Pods-TestProject/Pods-TestProject.debug.xcconfig"; sourceTree = "<group>"; };
		EA75050825324C58005997FB /* ru */ = {isa = PBXFileReference; lastKnownFileType = text.plist.strings; name = ru; path = ru.lproj/Main.strings; sourceTree = "<group>"; };
		EA75050925324C59005997FB /* ru */ = {isa = PBXFileReference; lastKnownFileType = text.plist.strings; name = ru; path = ru.lproj/LaunchScreen.strings; sourceTree = "<group>"; };
		EAC2A6B92532410C00D52470 /* TestProject.app */ = {isa = PBXFileReference; explicitFileType = wrapper.application; includeInIndex = 0; path = TestProject.app; sourceTree = BUILT_PRODUCTS_DIR; };
		EAC2A6BC2532410C00D52470 /* AppDelegate.swift */ = {isa = PBXFileReference; lastKnownFileType = sourcecode.swift; path = AppDelegate.swift; sourceTree = "<group>"; };
		EAC2A6BE2532410C00D52470 /* SceneDelegate.swift */ = {isa = PBXFileReference; lastKnownFileType = sourcecode.swift; path = SceneDelegate.swift; sourceTree = "<group>"; };
		EAC2A6C02532410C00D52470 /* ViewController.swift */ = {isa = PBXFileReference; lastKnownFileType = sourcecode.swift; path = ViewController.swift; sourceTree = "<group>"; };
		EAC2A6C32532410C00D52470 /* Base */ = {isa = PBXFileReference; lastKnownFileType = file.storyboard; name = Base; path = Base.lproj/Main.storyboard; sourceTree = "<group>"; };
		EAC2A6C52532410D00D52470 /* Assets.xcassets */ = {isa = PBXFileReference; lastKnownFileType = folder.assetcatalog; path = Assets.xcassets; sourceTree = "<group>"; };
		EAC2A6C82532410D00D52470 /* Base */ = {isa = PBXFileReference; lastKnownFileType = file.storyboard; name = Base; path = Base.lproj/LaunchScreen.storyboard; sourceTree = "<group>"; };
		EAC2A6CA2532410D00D52470 /* Info.plist */ = {isa = PBXFileReference; lastKnownFileType = text.plist.xml; path = Info.plist; sourceTree = "<group>"; };
		EAC2A6D6253241D600D52470 /* ParseableProtocol.swift */ = {isa = PBXFileReference; lastKnownFileType = sourcecode.swift; path = ParseableProtocol.swift; sourceTree = "<group>"; };
		EAC2A6E12532433F00D52470 /* SampleModel.swift */ = {isa = PBXFileReference; lastKnownFileType = sourcecode.swift; path = SampleModel.swift; sourceTree = "<group>"; };
		EAC2A6E42532450F00D52470 /* SampleService.swift */ = {isa = PBXFileReference; lastKnownFileType = sourcecode.swift; path = SampleService.swift; sourceTree = "<group>"; };
/* End PBXFileReference section */

/* Begin PBXFrameworksBuildPhase section */
		EAC2A6B62532410C00D52470 /* Frameworks */ = {
			isa = PBXFrameworksBuildPhase;
			buildActionMask = 2147483647;
			files = (
				EA4A8EF6B1C3CE7020C2AF27 /* Pods_TestProject.framework in Frameworks */,
			);
			runOnlyForDeploymentPostprocessing = 0;
		};
/* End PBXFrameworksBuildPhase section */

/* Begin PBXGroup section */
		31BC8B4A139BA4DAEA828E12 /* Frameworks */ = {
			isa = PBXGroup;
			children = (
				95AA414BE6A7D3DF424BCBDE /* Pods_TestProject.framework */,
			);
			name = Frameworks;
			sourceTree = "<group>";
		};
		7ED664693C637614D62991F1 /* Pods */ = {
			isa = PBXGroup;
			children = (
				C12BED2E1ACD9C6F4E092183 /* Pods-TestProject.debug.xcconfig */,
				35C6CC4BCEB51FD5E81C253D /* Pods-TestProject.release.xcconfig */,
			);
			path = Pods;
			sourceTree = "<group>";
		};
		EAC2A6B02532410C00D52470 = {
			isa = PBXGroup;
			children = (
				EAC2A6BB2532410C00D52470 /* TestProject */,
				EAC2A6BA2532410C00D52470 /* Products */,
				7ED664693C637614D62991F1 /* Pods */,
				31BC8B4A139BA4DAEA828E12 /* Frameworks */,
			);
			sourceTree = "<group>";
		};
		EAC2A6BA2532410C00D52470 /* Products */ = {
			isa = PBXGroup;
			children = (
				EAC2A6B92532410C00D52470 /* TestProject.app */,
			);
			name = Products;
			sourceTree = "<group>";
		};
		EAC2A6BB2532410C00D52470 /* TestProject */ = {
			isa = PBXGroup;
			children = (
				EAC2A6BC2532410C00D52470 /* AppDelegate.swift */,
				EAC2A6BE2532410C00D52470 /* SceneDelegate.swift */,
				EAC2A6C02532410C00D52470 /* ViewController.swift */,
				EAC2A6D5253241B800D52470 /* Managers */,
				EAC2A6C22532410C00D52470 /* Main.storyboard */,
				EAC2A6C52532410D00D52470 /* Assets.xcassets */,
				EAC2A6C72532410D00D52470 /* LaunchScreen.storyboard */,
				EAC2A6CA2532410D00D52470 /* Info.plist */,
			);
			path = TestProject;
			sourceTree = "<group>";
		};
		EAC2A6D5253241B800D52470 /* Managers */ = {
			isa = PBXGroup;
			children = (
				EAC2A6D6253241D600D52470 /* ParseableProtocol.swift */,
				EAC2A6E12532433F00D52470 /* SampleModel.swift */,
				EAC2A6E42532450F00D52470 /* SampleService.swift */,
			);
			path = Managers;
			sourceTree = "<group>";
		};
/* End PBXGroup section */

/* Begin PBXNativeTarget section */
		EAC2A6B82532410C00D52470 /* TestProject */ = {
			isa = PBXNativeTarget;
			buildConfigurationList = EAC2A6CD2532410D00D52470 /* Build configuration list for PBXNativeTarget "TestProject" */;
			buildPhases = (
				119BEB942CA8DBE62B47F72B /* [CP] Check Pods Manifest.lock */,
				EAC2A6B52532410C00D52470 /* Sources */,
				EAC2A6B62532410C00D52470 /* Frameworks */,
				EAC2A6B72532410C00D52470 /* Resources */,
				A8B556DE8DC28D6A2178A14A /* [CP] Embed Pods Frameworks */,
			);
			buildRules = (
			);
			dependencies = (
			);
			name = TestProject;
			productName = TestProject;
			productReference = EAC2A6B92532410C00D52470 /* TestProject.app */;
			productType = "com.apple.product-type.application";
		};
/* End PBXNativeTarget section */

/* Begin PBXProject section */
		EAC2A6B12532410C00D52470 /* Project object */ = {
			isa = PBXProject;
			attributes = {
				LastSwiftUpdateCheck = 1200;
				LastUpgradeCheck = 1200;
				TargetAttributes = {
					EAC2A6B82532410C00D52470 = {
						CreatedOnToolsVersion = 12.0.1;
					};
				};
			};
			buildConfigurationList = EAC2A6B42532410C00D52470 /* Build configuration list for PBXProject "TestProject" */;
			compatibilityVersion = "Xcode 9.3";
			developmentRegion = en;
			hasScannedForEncodings = 0;
			knownRegions = (
				en,
				Base,
				ru,
			);
			mainGroup = EAC2A6B02532410C00D52470;
			productRefGroup = EAC2A6BA2532410C00D52470 /* Products */;
			projectDirPath = "";
			projectRoot = "";
			targets = (
				EAC2A6B82532410C00D52470 /* TestProject */,
			);
		};
/* End PBXProject section */

/* Begin PBXResourcesBuildPhase section */
		EAC2A6B72532410C00D52470 /* Resources */ = {
			isa = PBXResourcesBuildPhase;
			buildActionMask = 2147483647;
			files = (
				EAC2A6C92532410D00D52470 /* LaunchScreen.storyboard in Resources */,
				EAC2A6C62532410D00D52470 /* Assets.xcassets in Resources */,
				EAC2A6C42532410C00D52470 /* Main.storyboard in Resources */,
			);
			runOnlyForDeploymentPostprocessing = 0;
		};
/* End PBXResourcesBuildPhase section */

/* Begin PBXShellScriptBuildPhase section */
		119BEB942CA8DBE62B47F72B /* [CP] Check Pods Manifest.lock */ = {
			isa = PBXShellScriptBuildPhase;
			buildActionMask = 2147483647;
			files = (
			);
			inputFileListPaths = (
			);
			inputPaths = (
				"${PODS_PODFILE_DIR_PATH}/Podfile.lock",
				"${PODS_ROOT}/Manifest.lock",
			);
			name = "[CP] Check Pods Manifest.lock";
			outputFileListPaths = (
			);
			outputPaths = (
				"$(DERIVED_FILE_DIR)/Pods-TestProject-checkManifestLockResult.txt",
			);
			runOnlyForDeploymentPostprocessing = 0;
			shellPath = /bin/sh;
			shellScript = "diff \"${PODS_PODFILE_DIR_PATH}/Podfile.lock\" \"${PODS_ROOT}/Manifest.lock\" > /dev/null\nif [ $? != 0 ] ; then\n    # print error to STDERR\n    echo \"error: The sandbox is not in sync with the Podfile.lock. Run 'pod install' or update your CocoaPods installation.\" >&2\n    exit 1\nfi\n# This output is used by Xcode 'outputs' to avoid re-running this script phase.\necho \"SUCCESS\" > \"${SCRIPT_OUTPUT_FILE_0}\"\n";
			showEnvVarsInLog = 0;
		};
		A8B556DE8DC28D6A2178A14A /* [CP] Embed Pods Frameworks */ = {
			isa = PBXShellScriptBuildPhase;
			buildActionMask = 2147483647;
			files = (
			);
			inputFileListPaths = (
				"${PODS_ROOT}/Target Support Files/Pods-TestProject/Pods-TestProject-frameworks-${CONFIGURATION}-input-files.xcfilelist",
			);
			name = "[CP] Embed Pods Frameworks";
			outputFileListPaths = (
				"${PODS_ROOT}/Target Support Files/Pods-TestProject/Pods-TestProject-frameworks-${CONFIGURATION}-output-files.xcfilelist",
			);
			runOnlyForDeploymentPostprocessing = 0;
			shellPath = /bin/sh;
			shellScript = "\"${PODS_ROOT}/Target Support Files/Pods-TestProject/Pods-TestProject-frameworks.sh\"\n";
			showEnvVarsInLog = 0;
		};
/* End PBXShellScriptBuildPhase section */

/* Begin PBXSourcesBuildPhase section */
		EAC2A6B52532410C00D52470 /* Sources */ = {
			isa = PBXSourcesBuildPhase;
			buildActionMask = 2147483647;
			files = (
				EAC2A6C12532410C00D52470 /* ViewController.swift in Sources */,
				EAC2A6E52532450F00D52470 /* SampleService.swift in Sources */,
				EAC2A6BD2532410C00D52470 /* AppDelegate.swift in Sources */,
				EAC2A6BF2532410C00D52470 /* SceneDelegate.swift in Sources */,
				EAC2A6D7253241D600D52470 /* ParseableProtocol.swift in Sources */,
				EAC2A6E22532433F00D52470 /* SampleModel.swift in Sources */,
			);
			runOnlyForDeploymentPostprocessing = 0;
		};
/* End PBXSourcesBuildPhase section */

/* Begin PBXVariantGroup section */
		EAC2A6C22532410C00D52470 /* Main.storyboard */ = {
			isa = PBXVariantGroup;
			children = (
				EAC2A6C32532410C00D52470 /* Base */,
				EA75050825324C58005997FB /* ru */,
			);
			name = Main.storyboard;
			sourceTree = "<group>";
		};
		EAC2A6C72532410D00D52470 /* LaunchScreen.storyboard */ = {
			isa = PBXVariantGroup;
			children = (
				EAC2A6C82532410D00D52470 /* Base */,
				EA75050925324C59005997FB /* ru */,
			);
			name = LaunchScreen.storyboard;
			sourceTree = "<group>";
		};
/* End PBXVariantGroup section */

/* Begin XCBuildConfiguration section */
		EAC2A6CB2532410D00D52470 /* Debug */ = {
			isa = XCBuildConfiguration;
			buildSettings = {
				ALWAYS_SEARCH_USER_PATHS = NO;
				CLANG_ANALYZER_LOCALIZABILITY_NONLOCALIZED = YES;
				CLANG_ANALYZER_NONNULL = YES;
				CLANG_ANALYZER_NUMBER_OBJECT_CONVERSION = YES_AGGRESSIVE;
				CLANG_CXX_LANGUAGE_STANDARD = "gnu++14";
				CLANG_CXX_LIBRARY = "libc++";
				CLANG_ENABLE_MODULES = YES;
				CLANG_ENABLE_OBJC_ARC = YES;
				CLANG_ENABLE_OBJC_WEAK = YES;
				CLANG_WARN_BLOCK_CAPTURE_AUTORELEASING = YES;
				CLANG_WARN_BOOL_CONVERSION = YES;
				CLANG_WARN_COMMA = YES;
				CLANG_WARN_CONSTANT_CONVERSION = YES;
				CLANG_WARN_DEPRECATED_OBJC_IMPLEMENTATIONS = YES;
				CLANG_WARN_DIRECT_OBJC_ISA_USAGE = YES_ERROR;
				CLANG_WARN_DOCUMENTATION_COMMENTS = YES;
				CLANG_WARN_EMPTY_BODY = YES;
				CLANG_WARN_ENUM_CONVERSION = YES;
				CLANG_WARN_INFINITE_RECURSION = YES;
				CLANG_WARN_INT_CONVERSION = YES;
				CLANG_WARN_NON_LITERAL_NULL_CONVERSION = YES;
				CLANG_WARN_OBJC_IMPLICIT_RETAIN_SELF = YES;
				CLANG_WARN_OBJC_LITERAL_CONVERSION = YES;
				CLANG_WARN_OBJC_ROOT_CLASS = YES_ERROR;
				CLANG_WARN_QUOTED_INCLUDE_IN_FRAMEWORK_HEADER = YES;
				CLANG_WARN_RANGE_LOOP_ANALYSIS = YES;
				CLANG_WARN_STRICT_PROTOTYPES = YES;
				CLANG_WARN_SUSPICIOUS_MOVE = YES;
				CLANG_WARN_UNGUARDED_AVAILABILITY = YES_AGGRESSIVE;
				CLANG_WARN_UNREACHABLE_CODE = YES;
				CLANG_WARN__DUPLICATE_METHOD_MATCH = YES;
				COPY_PHASE_STRIP = NO;
				DEBUG_INFORMATION_FORMAT = dwarf;
				ENABLE_STRICT_OBJC_MSGSEND = YES;
				ENABLE_TESTABILITY = YES;
				GCC_C_LANGUAGE_STANDARD = gnu11;
				GCC_DYNAMIC_NO_PIC = NO;
				GCC_NO_COMMON_BLOCKS = YES;
				GCC_OPTIMIZATION_LEVEL = 0;
				GCC_PREPROCESSOR_DEFINITIONS = (
					"DEBUG=1",
					"$(inherited)",
				);
				GCC_WARN_64_TO_32_BIT_CONVERSION = YES;
				GCC_WARN_ABOUT_RETURN_TYPE = YES_ERROR;
				GCC_WARN_UNDECLARED_SELECTOR = YES;
				GCC_WARN_UNINITIALIZED_AUTOS = YES_AGGRESSIVE;
				GCC_WARN_UNUSED_FUNCTION = YES;
				GCC_WARN_UNUSED_VARIABLE = YES;
				IPHONEOS_DEPLOYMENT_TARGET = 14.0;
				MTL_ENABLE_DEBUG_INFO = INCLUDE_SOURCE;
				MTL_FAST_MATH = YES;
				ONLY_ACTIVE_ARCH = YES;
				SDKROOT = iphoneos;
				SWIFT_ACTIVE_COMPILATION_CONDITIONS = DEBUG;
				SWIFT_OPTIMIZATION_LEVEL = "-Onone";
			};
			name = Debug;
		};
		EAC2A6CC2532410D00D52470 /* Release */ = {
			isa = XCBuildConfiguration;
			buildSettings = {
				ALWAYS_SEARCH_USER_PATHS = NO;
				CLANG_ANALYZER_LOCALIZABILITY_NONLOCALIZED = YES;
				CLANG_ANALYZER_NONNULL = YES;
				CLANG_ANALYZER_NUMBER_OBJECT_CONVERSION = YES_AGGRESSIVE;
				CLANG_CXX_LANGUAGE_STANDARD = "gnu++14";
				CLANG_CXX_LIBRARY = "libc++";
				CLANG_ENABLE_MODULES = YES;
				CLANG_ENABLE_OBJC_ARC = YES;
				CLANG_ENABLE_OBJC_WEAK = YES;
				CLANG_WARN_BLOCK_CAPTURE_AUTORELEASING = YES;
				CLANG_WARN_BOOL_CONVERSION = YES;
				CLANG_WARN_COMMA = YES;
				CLANG_WARN_CONSTANT_CONVERSION = YES;
				CLANG_WARN_DEPRECATED_OBJC_IMPLEMENTATIONS = YES;
				CLANG_WARN_DIRECT_OBJC_ISA_USAGE = YES_ERROR;
				CLANG_WARN_DOCUMENTATION_COMMENTS = YES;
				CLANG_WARN_EMPTY_BODY = YES;
				CLANG_WARN_ENUM_CONVERSION = YES;
				CLANG_WARN_INFINITE_RECURSION = YES;
				CLANG_WARN_INT_CONVERSION = YES;
				CLANG_WARN_NON_LITERAL_NULL_CONVERSION = YES;
				CLANG_WARN_OBJC_IMPLICIT_RETAIN_SELF = YES;
				CLANG_WARN_OBJC_LITERAL_CONVERSION = YES;
				CLANG_WARN_OBJC_ROOT_CLASS = YES_ERROR;
				CLANG_WARN_QUOTED_INCLUDE_IN_FRAMEWORK_HEADER = YES;
				CLANG_WARN_RANGE_LOOP_ANALYSIS = YES;
				CLANG_WARN_STRICT_PROTOTYPES = YES;
				CLANG_WARN_SUSPICIOUS_MOVE = YES;
				CLANG_WARN_UNGUARDED_AVAILABILITY = YES_AGGRESSIVE;
				CLANG_WARN_UNREACHABLE_CODE = YES;
				CLANG_WARN__DUPLICATE_METHOD_MATCH = YES;
				COPY_PHASE_STRIP = NO;
				DEBUG_INFORMATION_FORMAT = "dwarf-with-dsym";
				ENABLE_NS_ASSERTIONS = NO;
				ENABLE_STRICT_OBJC_MSGSEND = YES;
				GCC_C_LANGUAGE_STANDARD = gnu11;
				GCC_NO_COMMON_BLOCKS = YES;
				GCC_WARN_64_TO_32_BIT_CONVERSION = YES;
				GCC_WARN_ABOUT_RETURN_TYPE = YES_ERROR;
				GCC_WARN_UNDECLARED_SELECTOR = YES;
				GCC_WARN_UNINITIALIZED_AUTOS = YES_AGGRESSIVE;
				GCC_WARN_UNUSED_FUNCTION = YES;
				GCC_WARN_UNUSED_VARIABLE = YES;
				IPHONEOS_DEPLOYMENT_TARGET = 14.0;
				MTL_ENABLE_DEBUG_INFO = NO;
				MTL_FAST_MATH = YES;
				SDKROOT = iphoneos;
				SWIFT_COMPILATION_MODE = wholemodule;
				SWIFT_OPTIMIZATION_LEVEL = "-O";
				VALIDATE_PRODUCT = YES;
			};
			name = Release;
		};
		EAC2A6CE2532410D00D52470 /* Debug */ = {
			isa = XCBuildConfiguration;
			baseConfigurationReference = C12BED2E1ACD9C6F4E092183 /* Pods-TestProject.debug.xcconfig */;
			buildSettings = {
				ASSETCATALOG_COMPILER_APPICON_NAME = AppIcon;
				ASSETCATALOG_COMPILER_GLOBAL_ACCENT_COLOR_NAME = AccentColor;
				CODE_SIGN_STYLE = Automatic;
				DEVELOPMENT_TEAM = GMQ8P83Z92;
				INFOPLIST_FILE = TestProject/Info.plist;
				IPHONEOS_DEPLOYMENT_TARGET = 13.0;
				LD_RUNPATH_SEARCH_PATHS = (
					"$(inherited)",
					"@executable_path/Frameworks",
				);
				PRODUCT_BUNDLE_IDENTIFIER = "Alexandr-Sibirtsev.TestProject";
				PRODUCT_NAME = "$(TARGET_NAME)";
				SWIFT_VERSION = 5.0;
				TARGETED_DEVICE_FAMILY = "1,2";
			};
			name = Debug;
		};
		EAC2A6CF2532410D00D52470 /* Release */ = {
			isa = XCBuildConfiguration;
			baseConfigurationReference = 35C6CC4BCEB51FD5E81C253D /* Pods-TestProject.release.xcconfig */;
			buildSettings = {
				ASSETCATALOG_COMPILER_APPICON_NAME = AppIcon;
				ASSETCATALOG_COMPILER_GLOBAL_ACCENT_COLOR_NAME = AccentColor;
				CODE_SIGN_STYLE = Automatic;
				DEVELOPMENT_TEAM = GMQ8P83Z92;
				INFOPLIST_FILE = TestProject/Info.plist;
				IPHONEOS_DEPLOYMENT_TARGET = 13.0;
				LD_RUNPATH_SEARCH_PATHS = (
					"$(inherited)",
					"@executable_path/Frameworks",
				);
				PRODUCT_BUNDLE_IDENTIFIER = "Alexandr-Sibirtsev.TestProject";
				PRODUCT_NAME = "$(TARGET_NAME)";
				SWIFT_VERSION = 5.0;
				TARGETED_DEVICE_FAMILY = "1,2";
			};
			name = Release;
		};
/* End XCBuildConfiguration section */

/* Begin XCConfigurationList section */
		EAC2A6B42532410C00D52470 /* Build configuration list for PBXProject "TestProject" */ = {
			isa = XCConfigurationList;
			buildConfigurations = (
				EAC2A6CB2532410D00D52470 /* Debug */,
				EAC2A6CC2532410D00D52470 /* Release */,
			);
			defaultConfigurationIsVisible = 0;
			defaultConfigurationName = Release;
		};
		EAC2A6CD2532410D00D52470 /* Build configuration list for PBXNativeTarget "TestProject" */ = {
			isa = XCConfigurationList;
			buildConfigurations = (
				EAC2A6CE2532410D00D52470 /* Debug */,
				EAC2A6CF2532410D00D52470 /* Release */,
			);
			defaultConfigurationIsVisible = 0;
			defaultConfigurationName = Release;
		};
/* End XCConfigurationList section */
	};
	rootObject = EAC2A6B12532410C00D52470 /* Project object */;
}
